// !$*UTF8*$!
{
	archiveVersion = 1;
	classes = {
	};
	objectVersion = 50;
	objects = {

/* Begin PBXBuildFile section */
		BEEC973C268A617B00FD4D0C /* AppDelegate.swift in Sources */ = {isa = PBXBuildFile; fileRef = BEEC973B268A617B00FD4D0C /* AppDelegate.swift */; };
		BEEC973E268A617B00FD4D0C /* SceneDelegate.swift in Sources */ = {isa = PBXBuildFile; fileRef = BEEC973D268A617B00FD4D0C /* SceneDelegate.swift */; };
		BEEC9740268A617B00FD4D0C /* ViewController.swift in Sources */ = {isa = PBXBuildFile; fileRef = BEEC973F268A617B00FD4D0C /* ViewController.swift */; };
		BEEC9743268A617B00FD4D0C /* Main.storyboard in Resources */ = {isa = PBXBuildFile; fileRef = BEEC9741268A617B00FD4D0C /* Main.storyboard */; };
		BEEC9745268A617C00FD4D0C /* Assets.xcassets in Resources */ = {isa = PBXBuildFile; fileRef = BEEC9744268A617C00FD4D0C /* Assets.xcassets */; };
		BEEC9748268A617C00FD4D0C /* LaunchScreen.storyboard in Resources */ = {isa = PBXBuildFile; fileRef = BEEC9746268A617C00FD4D0C /* LaunchScreen.storyboard */; };
		BEEC9753268A617C00FD4D0C /* InventoryTests.swift in Sources */ = {isa = PBXBuildFile; fileRef = BEEC9752268A617C00FD4D0C /* InventoryTests.swift */; };
		BEEC975E268A617C00FD4D0C /* InventoryUITests.swift in Sources */ = {isa = PBXBuildFile; fileRef = BEEC975D268A617C00FD4D0C /* InventoryUITests.swift */; };
/* End PBXBuildFile section */

/* Begin PBXContainerItemProxy section */
		BEEC974F268A617C00FD4D0C /* PBXContainerItemProxy */ = {
			isa = PBXContainerItemProxy;
			containerPortal = BEEC9730268A617B00FD4D0C /* Project object */;
			proxyType = 1;
			remoteGlobalIDString = BEEC9737268A617B00FD4D0C;
			remoteInfo = Inventory;
		};
		BEEC975A268A617C00FD4D0C /* PBXContainerItemProxy */ = {
			isa = PBXContainerItemProxy;
			containerPortal = BEEC9730268A617B00FD4D0C /* Project object */;
			proxyType = 1;
			remoteGlobalIDString = BEEC9737268A617B00FD4D0C;
			remoteInfo = Inventory;
		};
/* End PBXContainerItemProxy section */

/* Begin PBXFileReference section */
		BEEC9738268A617B00FD4D0C /* Inventory.app */ = {isa = PBXFileReference; explicitFileType = wrapper.application; includeInIndex = 0; path = Inventory.app; sourceTree = BUILT_PRODUCTS_DIR; };
		BEEC973B268A617B00FD4D0C /* AppDelegate.swift */ = {isa = PBXFileReference; lastKnownFileType = sourcecode.swift; path = AppDelegate.swift; sourceTree = "<group>"; };
		BEEC973D268A617B00FD4D0C /* SceneDelegate.swift */ = {isa = PBXFileReference; lastKnownFileType = sourcecode.swift; path = SceneDelegate.swift; sourceTree = "<group>"; };
		BEEC973F268A617B00FD4D0C /* ViewController.swift */ = {isa = PBXFileReference; lastKnownFileType = sourcecode.swift; path = ViewController.swift; sourceTree = "<group>"; };
		BEEC9742268A617B00FD4D0C /* Base */ = {isa = PBXFileReference; lastKnownFileType = file.storyboard; name = Base; path = Base.lproj/Main.storyboard; sourceTree = "<group>"; };
		BEEC9744268A617C00FD4D0C /* Assets.xcassets */ = {isa = PBXFileReference; lastKnownFileType = folder.assetcatalog; path = Assets.xcassets; sourceTree = "<group>"; };
		BEEC9747268A617C00FD4D0C /* Base */ = {isa = PBXFileReference; lastKnownFileType = file.storyboard; name = Base; path = Base.lproj/LaunchScreen.storyboard; sourceTree = "<group>"; };
		BEEC9749268A617C00FD4D0C /* Info.plist */ = {isa = PBXFileReference; lastKnownFileType = text.plist.xml; path = Info.plist; sourceTree = "<group>"; };
		BEEC974E268A617C00FD4D0C /* InventoryTests.xctest */ = {isa = PBXFileReference; explicitFileType = wrapper.cfbundle; includeInIndex = 0; path = InventoryTests.xctest; sourceTree = BUILT_PRODUCTS_DIR; };
		BEEC9752268A617C00FD4D0C /* InventoryTests.swift */ = {isa = PBXFileReference; lastKnownFileType = sourcecode.swift; path = InventoryTests.swift; sourceTree = "<group>"; };
		BEEC9754268A617C00FD4D0C /* Info.plist */ = {isa = PBXFileReference; lastKnownFileType = text.plist.xml; path = Info.plist; sourceTree = "<group>"; };
		BEEC9759268A617C00FD4D0C /* InventoryUITests.xctest */ = {isa = PBXFileReference; explicitFileType = wrapper.cfbundle; includeInIndex = 0; path = InventoryUITests.xctest; sourceTree = BUILT_PRODUCTS_DIR; };
		BEEC975D268A617C00FD4D0C /* InventoryUITests.swift */ = {isa = PBXFileReference; lastKnownFileType = sourcecode.swift; path = InventoryUITests.swift; sourceTree = "<group>"; };
		BEEC975F268A617C00FD4D0C /* Info.plist */ = {isa = PBXFileReference; lastKnownFileType = text.plist.xml; path = Info.plist; sourceTree = "<group>"; };
/* End PBXFileReference section */

/* Begin PBXFrameworksBuildPhase section */
		BEEC9735268A617B00FD4D0C /* Frameworks */ = {
			isa = PBXFrameworksBuildPhase;
			buildActionMask = 2147483647;
			files = (
			);
			runOnlyForDeploymentPostprocessing = 0;
		};
		BEEC974B268A617C00FD4D0C /* Frameworks */ = {
			isa = PBXFrameworksBuildPhase;
			buildActionMask = 2147483647;
			files = (
			);
			runOnlyForDeploymentPostprocessing = 0;
		};
		BEEC9756268A617C00FD4D0C /* Frameworks */ = {
			isa = PBXFrameworksBuildPhase;
			buildActionMask = 2147483647;
			files = (
			);
			runOnlyForDeploymentPostprocessing = 0;
		};
/* End PBXFrameworksBuildPhase section */

/* Begin PBXGroup section */
		BEEC972F268A617B00FD4D0C = {
			isa = PBXGroup;
			children = (
				BEEC973A268A617B00FD4D0C /* Inventory */,
				BEEC9751268A617C00FD4D0C /* InventoryTests */,
				BEEC975C268A617C00FD4D0C /* InventoryUITests */,
				BEEC9739268A617B00FD4D0C /* Products */,
			);
			sourceTree = "<group>";
		};
		BEEC9739268A617B00FD4D0C /* Products */ = {
			isa = PBXGroup;
			children = (
				BEEC9738268A617B00FD4D0C /* Inventory.app */,
				BEEC974E268A617C00FD4D0C /* InventoryTests.xctest */,
				BEEC9759268A617C00FD4D0C /* InventoryUITests.xctest */,
			);
			name = Products;
			sourceTree = "<group>";
		};
		BEEC973A268A617B00FD4D0C /* Inventory */ = {
			isa = PBXGroup;
			children = (
				BEEC973B268A617B00FD4D0C /* AppDelegate.swift */,
				BEEC973D268A617B00FD4D0C /* SceneDelegate.swift */,
				BEEC973F268A617B00FD4D0C /* ViewController.swift */,
				BEEC9741268A617B00FD4D0C /* Main.storyboard */,
				BEEC9744268A617C00FD4D0C /* Assets.xcassets */,
				BEEC9746268A617C00FD4D0C /* LaunchScreen.storyboard */,
				BEEC9749268A617C00FD4D0C /* Info.plist */,
			);
			path = Inventory;
			sourceTree = "<group>";
		};
		BEEC9751268A617C00FD4D0C /* InventoryTests */ = {
			isa = PBXGroup;
			children = (
				BEEC9752268A617C00FD4D0C /* InventoryTests.swift */,
				BEEC9754268A617C00FD4D0C /* Info.plist */,
			);
			path = InventoryTests;
			sourceTree = "<group>";
		};
		BEEC975C268A617C00FD4D0C /* InventoryUITests */ = {
			isa = PBXGroup;
			children = (
				BEEC975D268A617C00FD4D0C /* InventoryUITests.swift */,
				BEEC975F268A617C00FD4D0C /* Info.plist */,
			);
			path = InventoryUITests;
			sourceTree = "<group>";
		};
/* End PBXGroup section */

/* Begin PBXNativeTarget section */
		BEEC9737268A617B00FD4D0C /* Inventory */ = {
			isa = PBXNativeTarget;
			buildConfigurationList = BEEC9762268A617C00FD4D0C /* Build configuration list for PBXNativeTarget "Inventory" */;
			buildPhases = (
				BEEC9734268A617B00FD4D0C /* Sources */,
				BEEC9735268A617B00FD4D0C /* Frameworks */,
				BEEC9736268A617B00FD4D0C /* Resources */,
			);
			buildRules = (
			);
			dependencies = (
			);
			name = Inventory;
			productName = Inventory;
			productReference = BEEC9738268A617B00FD4D0C /* Inventory.app */;
			productType = "com.apple.product-type.application";
		};
		BEEC974D268A617C00FD4D0C /* InventoryTests */ = {
			isa = PBXNativeTarget;
			buildConfigurationList = BEEC9765268A617C00FD4D0C /* Build configuration list for PBXNativeTarget "InventoryTests" */;
			buildPhases = (
				BEEC974A268A617C00FD4D0C /* Sources */,
				BEEC974B268A617C00FD4D0C /* Frameworks */,
				BEEC974C268A617C00FD4D0C /* Resources */,
			);
			buildRules = (
			);
			dependencies = (
				BEEC9750268A617C00FD4D0C /* PBXTargetDependency */,
			);
			name = InventoryTests;
			productName = InventoryTests;
			productReference = BEEC974E268A617C00FD4D0C /* InventoryTests.xctest */;
			productType = "com.apple.product-type.bundle.unit-test";
		};
		BEEC9758268A617C00FD4D0C /* InventoryUITests */ = {
			isa = PBXNativeTarget;
			buildConfigurationList = BEEC9768268A617C00FD4D0C /* Build configuration list for PBXNativeTarget "InventoryUITests" */;
			buildPhases = (
				BEEC9755268A617C00FD4D0C /* Sources */,
				BEEC9756268A617C00FD4D0C /* Frameworks */,
				BEEC9757268A617C00FD4D0C /* Resources */,
			);
			buildRules = (
			);
			dependencies = (
				BEEC975B268A617C00FD4D0C /* PBXTargetDependency */,
			);
			name = InventoryUITests;
			productName = InventoryUITests;
			productReference = BEEC9759268A617C00FD4D0C /* InventoryUITests.xctest */;
			productType = "com.apple.product-type.bundle.ui-testing";
		};
/* End PBXNativeTarget section */

/* Begin PBXProject section */
		BEEC9730268A617B00FD4D0C /* Project object */ = {
			isa = PBXProject;
			attributes = {
				LastSwiftUpdateCheck = 1240;
				LastUpgradeCheck = 1240;
				TargetAttributes = {
					BEEC9737268A617B00FD4D0C = {
						CreatedOnToolsVersion = 12.4;
					};
					BEEC974D268A617C00FD4D0C = {
						CreatedOnToolsVersion = 12.4;
						TestTargetID = BEEC9737268A617B00FD4D0C;
					};
					BEEC9758268A617C00FD4D0C = {
						CreatedOnToolsVersion = 12.4;
						TestTargetID = BEEC9737268A617B00FD4D0C;
					};
				};
			};
			buildConfigurationList = BEEC9733268A617B00FD4D0C /* Build configuration list for PBXProject "Inventory" */;
			compatibilityVersion = "Xcode 9.3";
			developmentRegion = en;
			hasScannedForEncodings = 0;
			knownRegions = (
				en,
				Base,
			);
			mainGroup = BEEC972F268A617B00FD4D0C;
			productRefGroup = BEEC9739268A617B00FD4D0C /* Products */;
			projectDirPath = "";
			projectRoot = "";
			targets = (
				BEEC9737268A617B00FD4D0C /* Inventory */,
				BEEC974D268A617C00FD4D0C /* InventoryTests */,
				BEEC9758268A617C00FD4D0C /* InventoryUITests */,
			);
		};
/* End PBXProject section */

/* Begin PBXResourcesBuildPhase section */
		BEEC9736268A617B00FD4D0C /* Resources */ = {
			isa = PBXResourcesBuildPhase;
			buildActionMask = 2147483647;
			files = (
				BEEC9748268A617C00FD4D0C /* LaunchScreen.storyboard in Resources */,
				BEEC9745268A617C00FD4D0C /* Assets.xcassets in Resources */,
				BEEC9743268A617B00FD4D0C /* Main.storyboard in Resources */,
			);
			runOnlyForDeploymentPostprocessing = 0;
		};
		BEEC974C268A617C00FD4D0C /* Resources */ = {
			isa = PBXResourcesBuildPhase;
			buildActionMask = 2147483647;
			files = (
			);
			runOnlyForDeploymentPostprocessing = 0;
		};
		BEEC9757268A617C00FD4D0C /* Resources */ = {
			isa = PBXResourcesBuildPhase;
			buildActionMask = 2147483647;
			files = (
			);
			runOnlyForDeploymentPostprocessing = 0;
		};
/* End PBXResourcesBuildPhase section */

/* Begin PBXSourcesBuildPhase section */
		BEEC9734268A617B00FD4D0C /* Sources */ = {
			isa = PBXSourcesBuildPhase;
			buildActionMask = 2147483647;
			files = (
				BEEC9740268A617B00FD4D0C /* ViewController.swift in Sources */,
				BEEC973C268A617B00FD4D0C /* AppDelegate.swift in Sources */,
				BEEC973E268A617B00FD4D0C /* SceneDelegate.swift in Sources */,
			);
			runOnlyForDeploymentPostprocessing = 0;
		};
		BEEC974A268A617C00FD4D0C /* Sources */ = {
			isa = PBXSourcesBuildPhase;
			buildActionMask = 2147483647;
			files = (
				BEEC9753268A617C00FD4D0C /* InventoryTests.swift in Sources */,
			);
			runOnlyForDeploymentPostprocessing = 0;
		};
		BEEC9755268A617C00FD4D0C /* Sources */ = {
			isa = PBXSourcesBuildPhase;
			buildActionMask = 2147483647;
			files = (
				BEEC975E268A617C00FD4D0C /* InventoryUITests.swift in Sources */,
			);
			runOnlyForDeploymentPostprocessing = 0;
		};
/* End PBXSourcesBuildPhase section */

/* Begin PBXTargetDependency section */
		BEEC9750268A617C00FD4D0C /* PBXTargetDependency */ = {
			isa = PBXTargetDependency;
			target = BEEC9737268A617B00FD4D0C /* Inventory */;
			targetProxy = BEEC974F268A617C00FD4D0C /* PBXContainerItemProxy */;
		};
		BEEC975B268A617C00FD4D0C /* PBXTargetDependency */ = {
			isa = PBXTargetDependency;
			target = BEEC9737268A617B00FD4D0C /* Inventory */;
			targetProxy = BEEC975A268A617C00FD4D0C /* PBXContainerItemProxy */;
		};
/* End PBXTargetDependency section */

/* Begin PBXVariantGroup section */
		BEEC9741268A617B00FD4D0C /* Main.storyboard */ = {
			isa = PBXVariantGroup;
			children = (
				BEEC9742268A617B00FD4D0C /* Base */,
			);
			name = Main.storyboard;
			sourceTree = "<group>";
		};
		BEEC9746268A617C00FD4D0C /* LaunchScreen.storyboard */ = {
			isa = PBXVariantGroup;
			children = (
				BEEC9747268A617C00FD4D0C /* Base */,
			);
			name = LaunchScreen.storyboard;
			sourceTree = "<group>";
		};
/* End PBXVariantGroup section */

/* Begin XCBuildConfiguration section */
		BEEC9760268A617C00FD4D0C /* Debug */ = {
			isa = XCBuildConfiguration;
			buildSettings = {
				ALWAYS_SEARCH_USER_PATHS = NO;
				CLANG_ANALYZER_NONNULL = YES;
				CLANG_ANALYZER_NUMBER_OBJECT_CONVERSION = YES_AGGRESSIVE;
				CLANG_CXX_LANGUAGE_STANDARD = "gnu++14";
				CLANG_CXX_LIBRARY = "libc++";
				CLANG_ENABLE_MODULES = YES;
				CLANG_ENABLE_OBJC_ARC = YES;
				CLANG_ENABLE_OBJC_WEAK = YES;
				CLANG_WARN_BLOCK_CAPTURE_AUTORELEASING = YES;
				CLANG_WARN_BOOL_CONVERSION = YES;
				CLANG_WARN_COMMA = YES;
				CLANG_WARN_CONSTANT_CONVERSION = YES;
				CLANG_WARN_DEPRECATED_OBJC_IMPLEMENTATIONS = YES;
				CLANG_WARN_DIRECT_OBJC_ISA_USAGE = YES_ERROR;
				CLANG_WARN_DOCUMENTATION_COMMENTS = YES;
				CLANG_WARN_EMPTY_BODY = YES;
				CLANG_WARN_ENUM_CONVERSION = YES;
				CLANG_WARN_INFINITE_RECURSION = YES;
				CLANG_WARN_INT_CONVERSION = YES;
				CLANG_WARN_NON_LITERAL_NULL_CONVERSION = YES;
				CLANG_WARN_OBJC_IMPLICIT_RETAIN_SELF = YES;
				CLANG_WARN_OBJC_LITERAL_CONVERSION = YES;
				CLANG_WARN_OBJC_ROOT_CLASS = YES_ERROR;
				CLANG_WARN_QUOTED_INCLUDE_IN_FRAMEWORK_HEADER = YES;
				CLANG_WARN_RANGE_LOOP_ANALYSIS = YES;
				CLANG_WARN_STRICT_PROTOTYPES = YES;
				CLANG_WARN_SUSPICIOUS_MOVE = YES;
				CLANG_WARN_UNGUARDED_AVAILABILITY = YES_AGGRESSIVE;
				CLANG_WARN_UNREACHABLE_CODE = YES;
				CLANG_WARN__DUPLICATE_METHOD_MATCH = YES;
				COPY_PHASE_STRIP = NO;
				DEBUG_INFORMATION_FORMAT = dwarf;
				ENABLE_STRICT_OBJC_MSGSEND = YES;
				ENABLE_TESTABILITY = YES;
				GCC_C_LANGUAGE_STANDARD = gnu11;
				GCC_DYNAMIC_NO_PIC = NO;
				GCC_NO_COMMON_BLOCKS = YES;
				GCC_OPTIMIZATION_LEVEL = 0;
				GCC_PREPROCESSOR_DEFINITIONS = (
					"DEBUG=1",
					"$(inherited)",
				);
				GCC_WARN_64_TO_32_BIT_CONVERSION = YES;
				GCC_WARN_ABOUT_RETURN_TYPE = YES_ERROR;
				GCC_WARN_UNDECLARED_SELECTOR = YES;
				GCC_WARN_UNINITIALIZED_AUTOS = YES_AGGRESSIVE;
				GCC_WARN_UNUSED_FUNCTION = YES;
				GCC_WARN_UNUSED_VARIABLE = YES;
				IPHONEOS_DEPLOYMENT_TARGET = 14.4;
				MTL_ENABLE_DEBUG_INFO = INCLUDE_SOURCE;
				MTL_FAST_MATH = YES;
				ONLY_ACTIVE_ARCH = YES;
				SDKROOT = iphoneos;
				SWIFT_ACTIVE_COMPILATION_CONDITIONS = DEBUG;
				SWIFT_OPTIMIZATION_LEVEL = "-Onone";
			};
			name = Debug;
		};
		BEEC9761268A617C00FD4D0C /* Release */ = {
			isa = XCBuildConfiguration;
			buildSettings = {
				ALWAYS_SEARCH_USER_PATHS = NO;
				CLANG_ANALYZER_NONNULL = YES;
				CLANG_ANALYZER_NUMBER_OBJECT_CONVERSION = YES_AGGRESSIVE;
				CLANG_CXX_LANGUAGE_STANDARD = "gnu++14";
				CLANG_CXX_LIBRARY = "libc++";
				CLANG_ENABLE_MODULES = YES;
				CLANG_ENABLE_OBJC_ARC = YES;
				CLANG_ENABLE_OBJC_WEAK = YES;
				CLANG_WARN_BLOCK_CAPTURE_AUTORELEASING = YES;
				CLANG_WARN_BOOL_CONVERSION = YES;
				CLANG_WARN_COMMA = YES;
				CLANG_WARN_CONSTANT_CONVERSION = YES;
				CLANG_WARN_DEPRECATED_OBJC_IMPLEMENTATIONS = YES;
				CLANG_WARN_DIRECT_OBJC_ISA_USAGE = YES_ERROR;
				CLANG_WARN_DOCUMENTATION_COMMENTS = YES;
				CLANG_WARN_EMPTY_BODY = YES;
				CLANG_WARN_ENUM_CONVERSION = YES;
				CLANG_WARN_INFINITE_RECURSION = YES;
				CLANG_WARN_INT_CONVERSION = YES;
				CLANG_WARN_NON_LITERAL_NULL_CONVERSION = YES;
				CLANG_WARN_OBJC_IMPLICIT_RETAIN_SELF = YES;
				CLANG_WARN_OBJC_LITERAL_CONVERSION = YES;
				CLANG_WARN_OBJC_ROOT_CLASS = YES_ERROR;
				CLANG_WARN_QUOTED_INCLUDE_IN_FRAMEWORK_HEADER = YES;
				CLANG_WARN_RANGE_LOOP_ANALYSIS = YES;
				CLANG_WARN_STRICT_PROTOTYPES = YES;
				CLANG_WARN_SUSPICIOUS_MOVE = YES;
				CLANG_WARN_UNGUARDED_AVAILABILITY = YES_AGGRESSIVE;
				CLANG_WARN_UNREACHABLE_CODE = YES;
				CLANG_WARN__DUPLICATE_METHOD_MATCH = YES;
				COPY_PHASE_STRIP = NO;
				DEBUG_INFORMATION_FORMAT = "dwarf-with-dsym";
				ENABLE_NS_ASSERTIONS = NO;
				ENABLE_STRICT_OBJC_MSGSEND = YES;
				GCC_C_LANGUAGE_STANDARD = gnu11;
				GCC_NO_COMMON_BLOCKS = YES;
				GCC_WARN_64_TO_32_BIT_CONVERSION = YES;
				GCC_WARN_ABOUT_RETURN_TYPE = YES_ERROR;
				GCC_WARN_UNDECLARED_SELECTOR = YES;
				GCC_WARN_UNINITIALIZED_AUTOS = YES_AGGRESSIVE;
				GCC_WARN_UNUSED_FUNCTION = YES;
				GCC_WARN_UNUSED_VARIABLE = YES;
				IPHONEOS_DEPLOYMENT_TARGET = 14.4;
				MTL_ENABLE_DEBUG_INFO = NO;
				MTL_FAST_MATH = YES;
				SDKROOT = iphoneos;
				SWIFT_COMPILATION_MODE = wholemodule;
				SWIFT_OPTIMIZATION_LEVEL = "-O";
				VALIDATE_PRODUCT = YES;
			};
			name = Release;
		};
		BEEC9763268A617C00FD4D0C /* Debug */ = {
			isa = XCBuildConfiguration;
			buildSettings = {
				ASSETCATALOG_COMPILER_APPICON_NAME = AppIcon;
				ASSETCATALOG_COMPILER_GLOBAL_ACCENT_COLOR_NAME = AccentColor;
				CODE_SIGN_STYLE = Automatic;
				INFOPLIST_FILE = Inventory/Info.plist;
				LD_RUNPATH_SEARCH_PATHS = (
					"$(inherited)",
					"@executable_path/Frameworks",
				);
				PRODUCT_BUNDLE_IDENTIFIER = com.vernonbrighton.Inventory;
				PRODUCT_NAME = "$(TARGET_NAME)";
				SWIFT_VERSION = 5.0;
				TARGETED_DEVICE_FAMILY = "1,2";
			};
			name = Debug;
		};
		BEEC9764268A617C00FD4D0C /* Release */ = {
			isa = XCBuildConfiguration;
			buildSettings = {
				ASSETCATALOG_COMPILER_APPICON_NAME = AppIcon;
				ASSETCATALOG_COMPILER_GLOBAL_ACCENT_COLOR_NAME = AccentColor;
				CODE_SIGN_STYLE = Automatic;
				INFOPLIST_FILE = Inventory/Info.plist;
				LD_RUNPATH_SEARCH_PATHS = (
					"$(inherited)",
					"@executable_path/Frameworks",
				);
				PRODUCT_BUNDLE_IDENTIFIER = com.vernonbrighton.Inventory;
				PRODUCT_NAME = "$(TARGET_NAME)";
				SWIFT_VERSION = 5.0;
				TARGETED_DEVICE_FAMILY = "1,2";
			};
			name = Release;
		};
		BEEC9766268A617C00FD4D0C /* Debug */ = {
			isa = XCBuildConfiguration;
			buildSettings = {
				ALWAYS_EMBED_SWIFT_STANDARD_LIBRARIES = YES;
				BUNDLE_LOADER = "$(TEST_HOST)";
				CODE_SIGN_STYLE = Automatic;
				INFOPLIST_FILE = InventoryTests/Info.plist;
				IPHONEOS_DEPLOYMENT_TARGET = 14.4;
				LD_RUNPATH_SEARCH_PATHS = (
					"$(inherited)",
					"@executable_path/Frameworks",
					"@loader_path/Frameworks",
				);
				PRODUCT_BUNDLE_IDENTIFIER = com.vernonbrighton.InventoryTests;
				PRODUCT_NAME = "$(TARGET_NAME)";
				SWIFT_VERSION = 5.0;
				TARGETED_DEVICE_FAMILY = "1,2";
				TEST_HOST = "$(BUILT_PRODUCTS_DIR)/Inventory.app/Inventory";
			};
			name = Debug;
		};
		BEEC9767268A617C00FD4D0C /* Release */ = {
			isa = XCBuildConfiguration;
			buildSettings = {
				ALWAYS_EMBED_SWIFT_STANDARD_LIBRARIES = YES;
				BUNDLE_LOADER = "$(TEST_HOST)";
				CODE_SIGN_STYLE = Automatic;
				INFOPLIST_FILE = InventoryTests/Info.plist;
				IPHONEOS_DEPLOYMENT_TARGET = 14.4;
				LD_RUNPATH_SEARCH_PATHS = (
					"$(inherited)",
					"@executable_path/Frameworks",
					"@loader_path/Frameworks",
				);
				PRODUCT_BUNDLE_IDENTIFIER = com.vernonbrighton.InventoryTests;
				PRODUCT_NAME = "$(TARGET_NAME)";
				SWIFT_VERSION = 5.0;
				TARGETED_DEVICE_FAMILY = "1,2";
				TEST_HOST = "$(BUILT_PRODUCTS_DIR)/Inventory.app/Inventory";
			};
			name = Release;
		};
		BEEC9769268A617C00FD4D0C /* Debug */ = {
			isa = XCBuildConfiguration;
			buildSettings = {
				ALWAYS_EMBED_SWIFT_STANDARD_LIBRARIES = YES;
				CODE_SIGN_STYLE = Automatic;
				INFOPLIST_FILE = InventoryUITests/Info.plist;
				LD_RUNPATH_SEARCH_PATHS = (
					"$(inherited)",
					"@executable_path/Frameworks",
					"@loader_path/Frameworks",
				);
				PRODUCT_BUNDLE_IDENTIFIER = com.vernonbrighton.InventoryUITests;
				PRODUCT_NAME = "$(TARGET_NAME)";
				SWIFT_VERSION = 5.0;
				TARGETED_DEVICE_FAMILY = "1,2";
				TEST_TARGET_NAME = Inventory;
			};
			name = Debug;
		};
		BEEC976A268A617C00FD4D0C /* Release */ = {
			isa = XCBuildConfiguration;
			buildSettings = {
				ALWAYS_EMBED_SWIFT_STANDARD_LIBRARIES = YES;
				CODE_SIGN_STYLE = Automatic;
				INFOPLIST_FILE = InventoryUITests/Info.plist;
				LD_RUNPATH_SEARCH_PATHS = (
					"$(inherited)",
					"@executable_path/Frameworks",
					"@loader_path/Frameworks",
				);
				PRODUCT_BUNDLE_IDENTIFIER = com.vernonbrighton.InventoryUITests;
				PRODUCT_NAME = "$(TARGET_NAME)";
				SWIFT_VERSION = 5.0;
				TARGETED_DEVICE_FAMILY = "1,2";
				TEST_TARGET_NAME = Inventory;
			};
			name = Release;
		};
/* End XCBuildConfiguration section */

/* Begin XCConfigurationList section */
		BEEC9733268A617B00FD4D0C /* Build configuration list for PBXProject "Inventory" */ = {
			isa = XCConfigurationList;
			buildConfigurations = (
				BEEC9760268A617C00FD4D0C /* Debug */,
				BEEC9761268A617C00FD4D0C /* Release */,
			);
			defaultConfigurationIsVisible = 0;
			defaultConfigurationName = Release;
		};
		BEEC9762268A617C00FD4D0C /* Build configuration list for PBXNativeTarget "Inventory" */ = {
			isa = XCConfigurationList;
			buildConfigurations = (
				BEEC9763268A617C00FD4D0C /* Debug */,
				BEEC9764268A617C00FD4D0C /* Release */,
			);
			defaultConfigurationIsVisible = 0;
			defaultConfigurationName = Release;
		};
		BEEC9765268A617C00FD4D0C /* Build configuration list for PBXNativeTarget "InventoryTests" */ = {
			isa = XCConfigurationList;
			buildConfigurations = (
				BEEC9766268A617C00FD4D0C /* Debug */,
				BEEC9767268A617C00FD4D0C /* Release */,
			);
			defaultConfigurationIsVisible = 0;
			defaultConfigurationName = Release;
		};
		BEEC9768268A617C00FD4D0C /* Build configuration list for PBXNativeTarget "InventoryUITests" */ = {
			isa = XCConfigurationList;
			buildConfigurations = (
				BEEC9769268A617C00FD4D0C /* Debug */,
				BEEC976A268A617C00FD4D0C /* Release */,
			);
			defaultConfigurationIsVisible = 0;
			defaultConfigurationName = Release;
		};
/* End XCConfigurationList section */
	};
	rootObject = BEEC9730268A617B00FD4D0C /* Project object */;
}
